
Microsoft Visual Studio Solution File, Format Version 12.00
# Visual Studio Version 17
VisualStudioVersion = 17.8.34511.84
MinimumVisualStudioVersion = 10.0.40219.1
Project("{FAE04EC0-301F-11D3-BF4B-00C04F79EFBC}") = "NoteCatalog", "NoteCatalog\NoteCatalog.csproj", "{28E8C43D-A123-460D-8579-58E3E796D31C}"
EndProject
Global
	GlobalSection(SolutionConfigurationPlatforms) = preSolution
		Debug|Any CPU = Debug|Any CPU
		Release|Any CPU = Release|Any CPU
	EndGlobalSection
	GlobalSection(ProjectConfigurationPlatforms) = postSolution
		{28E8C43D-A123-460D-8579-58E3E796D31C}.Debug|Any CPU.ActiveCfg = Debug|Any CPU
		{28E8C43D-A123-460D-8579-58E3E796D31C}.Debug|Any CPU.Build.0 = Debug|Any CPU
		{28E8C43D-A123-460D-8579-58E3E796D31C}.Release|Any CPU.ActiveCfg = Release|Any CPU
		{28E8C43D-A123-460D-8579-58E3E796D31C}.Release|Any CPU.Build.0 = Release|Any CPU
	EndGlobalSection
	GlobalSection(SolutionProperties) = preSolution
		HideSolutionNode = FALSE
	EndGlobalSection
	GlobalSection(ExtensibilityGlobals) = postSolution
		SolutionGuid = {1B39E278-C17C-445A-8863-84B18FF3CCDC}
	EndGlobalSection
EndGlobal
